// !$*UTF8*$!
{
	archiveVersion = 1;
	classes = {
	};
	objectVersion = 46;
	objects = {

/* Begin PBXBuildFile section */
		0616113718A9808400B65DFB /* GSTDateUtility.m in Sources */ = {isa = PBXBuildFile; fileRef = 0616113618A9808400B65DFB /* GSTDateUtility.m */; };
		061E85E518A964BA00E4B9FC /* AVFoundation.framework in Frameworks */ = {isa = PBXBuildFile; fileRef = 061E85E418A964BA00E4B9FC /* AVFoundation.framework */; };
		061E85E718A964C300E4B9FC /* CoreVideo.framework in Frameworks */ = {isa = PBXBuildFile; fileRef = 061E85E618A964C300E4B9FC /* CoreVideo.framework */; };
		061E85E918A964CA00E4B9FC /* CoreMedia.framework in Frameworks */ = {isa = PBXBuildFile; fileRef = 061E85E818A964CA00E4B9FC /* CoreMedia.framework */; };
		061E85EB18A964D400E4B9FC /* ImageIO.framework in Frameworks */ = {isa = PBXBuildFile; fileRef = 061E85EA18A964D400E4B9FC /* ImageIO.framework */; };
		061E85ED18A964DB00E4B9FC /* QuartzCore.framework in Frameworks */ = {isa = PBXBuildFile; fileRef = 061E85EC18A964DB00E4B9FC /* QuartzCore.framework */; };
		061E85F118A968BF00E4B9FC /* GSTScanViewController.m in Sources */ = {isa = PBXBuildFile; fileRef = 061E85F018A968BF00E4B9FC /* GSTScanViewController.m */; };
		0631171518A7F43A00088A69 /* GSTTypePickerViewController.m in Sources */ = {isa = PBXBuildFile; fileRef = 0631171418A7F43A00088A69 /* GSTTypePickerViewController.m */; };
		0631171A18A801C400088A69 /* GSTSegmentControl.m in Sources */ = {isa = PBXBuildFile; fileRef = 0631171918A801C400088A69 /* GSTSegmentControl.m */; };
		06B6575518A790C400FE9A87 /* GSTSpecimensResource.m in Sources */ = {isa = PBXBuildFile; fileRef = 06B6575418A790C400FE9A87 /* GSTSpecimensResource.m */; };
		ED59DC4D18BA95430083D0B1 /* NSString+Emptiness.m in Sources */ = {isa = PBXBuildFile; fileRef = ED59DC4C18BA95430083D0B1 /* NSString+Emptiness.m */; };
		ED74D78318A67E2E005E612E /* GSTRESTResource.m in Sources */ = {isa = PBXBuildFile; fileRef = ED74D78118A67E2E005E612E /* GSTRESTResource.m */; };
		ED74D79718A68391005E612E /* GSTActivityManager.m in Sources */ = {isa = PBXBuildFile; fileRef = ED74D79618A68391005E612E /* GSTActivityManager.m */; };
		ED74D7A018A68D93005E612E /* GSTSpecimenModel.m in Sources */ = {isa = PBXBuildFile; fileRef = ED74D79F18A68D93005E612E /* GSTSpecimenModel.m */; };
		ED74D7A318A6963B005E612E /* GSTSpecimenTypeModel.m in Sources */ = {isa = PBXBuildFile; fileRef = ED74D7A218A6963B005E612E /* GSTSpecimenTypeModel.m */; };
		ED8AAA9C189E9DAE00697A0F /* Foundation.framework in Frameworks */ = {isa = PBXBuildFile; fileRef = ED8AAA9B189E9DAE00697A0F /* Foundation.framework */; };
		ED8AAA9E189E9DAE00697A0F /* CoreGraphics.framework in Frameworks */ = {isa = PBXBuildFile; fileRef = ED8AAA9D189E9DAE00697A0F /* CoreGraphics.framework */; };
		ED8AAAA0189E9DAE00697A0F /* UIKit.framework in Frameworks */ = {isa = PBXBuildFile; fileRef = ED8AAA9F189E9DAE00697A0F /* UIKit.framework */; };
		ED8AAAA6189E9DAE00697A0F /* InfoPlist.strings in Resources */ = {isa = PBXBuildFile; fileRef = ED8AAAA4189E9DAE00697A0F /* InfoPlist.strings */; };
		ED8AAAA8189E9DAE00697A0F /* main.m in Sources */ = {isa = PBXBuildFile; fileRef = ED8AAAA7189E9DAE00697A0F /* main.m */; };
		ED8AAAAC189E9DAE00697A0F /* GSTAppDelegate.m in Sources */ = {isa = PBXBuildFile; fileRef = ED8AAAAB189E9DAE00697A0F /* GSTAppDelegate.m */; };
		ED8AAAAF189E9DAE00697A0F /* Main.storyboard in Resources */ = {isa = PBXBuildFile; fileRef = ED8AAAAD189E9DAE00697A0F /* Main.storyboard */; };
		ED8AAAB2189E9DAE00697A0F /* GSTMainViewController.m in Sources */ = {isa = PBXBuildFile; fileRef = ED8AAAB1189E9DAE00697A0F /* GSTMainViewController.m */; };
		ED8AAAB4189E9DAE00697A0F /* Images.xcassets in Resources */ = {isa = PBXBuildFile; fileRef = ED8AAAB3189E9DAE00697A0F /* Images.xcassets */; };
		ED8AAAD6189EA81300697A0F /* GSTSettingsViewController.m in Sources */ = {isa = PBXBuildFile; fileRef = ED8AAAD5189EA81300697A0F /* GSTSettingsViewController.m */; };
		ED8AAAD9189EAA8D00697A0F /* GSTSpecimenLocationModel.m in Sources */ = {isa = PBXBuildFile; fileRef = ED8AAAD8189EAA8D00697A0F /* GSTSpecimenLocationModel.m */; };
		ED8AAADC189EAE4500697A0F /* GSTLocationPickerViewController.m in Sources */ = {isa = PBXBuildFile; fileRef = ED8AAADB189EAE4500697A0F /* GSTLocationPickerViewController.m */; };
		ED8AAAE0189EB9E100697A0F /* GSTSpecimenViewController.m in Sources */ = {isa = PBXBuildFile; fileRef = ED8AAADF189EB9E100697A0F /* GSTSpecimenViewController.m */; };
		EDA7613718AA96260097EF42 /* libZXingObjC-iOS.a in Frameworks */ = {isa = PBXBuildFile; fileRef = EDA7612A18AA960C0097EF42 /* libZXingObjC-iOS.a */; };
		EDBB81C418B10F2B004B0279 /* Crashlytics.framework in Frameworks */ = {isa = PBXBuildFile; fileRef = EDBB81C318B10F2B004B0279 /* Crashlytics.framework */; };
/* End PBXBuildFile section */

/* Begin PBXContainerItemProxy section */
		EDA7612918AA960C0097EF42 /* PBXContainerItemProxy */ = {
			isa = PBXContainerItemProxy;
			containerPortal = EDA7611F18AA96060097EF42 /* ZXingObjC.xcodeproj */;
			proxyType = 2;
			remoteGlobalIDString = 25403CB3166A96FA00E13304;
			remoteInfo = "ZXingObjC-iOS";
		};
		EDA7612B18AA960C0097EF42 /* PBXContainerItemProxy */ = {
			isa = PBXContainerItemProxy;
			containerPortal = EDA7611F18AA96060097EF42 /* ZXingObjC.xcodeproj */;
			proxyType = 2;
			remoteGlobalIDString = 25403CC4166A96FA00E13304;
			remoteInfo = "Unit Tests iOS";
		};
		EDA7612D18AA960C0097EF42 /* PBXContainerItemProxy */ = {
			isa = PBXContainerItemProxy;
			containerPortal = EDA7611F18AA96060097EF42 /* ZXingObjC.xcodeproj */;
			proxyType = 2;
			remoteGlobalIDString = 024958781898641B003D4E6A;
			remoteInfo = "Blackbox Tests iOS";
		};
		EDA7612F18AA960C0097EF42 /* PBXContainerItemProxy */ = {
			isa = PBXContainerItemProxy;
			containerPortal = EDA7611F18AA96060097EF42 /* ZXingObjC.xcodeproj */;
			proxyType = 2;
			remoteGlobalIDString = 25404166166AADAC00E13304;
			remoteInfo = "ZXingObjC-osx";
		};
		EDA7613118AA960C0097EF42 /* PBXContainerItemProxy */ = {
			isa = PBXContainerItemProxy;
			containerPortal = EDA7611F18AA96060097EF42 /* ZXingObjC.xcodeproj */;
			proxyType = 2;
			remoteGlobalIDString = 25404178166AADAC00E13304;
			remoteInfo = "Unit Tests OS X";
		};
		EDA7613318AA960C0097EF42 /* PBXContainerItemProxy */ = {
			isa = PBXContainerItemProxy;
			containerPortal = EDA7611F18AA96060097EF42 /* ZXingObjC.xcodeproj */;
			proxyType = 2;
			remoteGlobalIDString = 02D813F6189864C70081721D;
			remoteInfo = "Blackbox Tests OS X";
		};
		EDA7613518AA960C0097EF42 /* PBXContainerItemProxy */ = {
			isa = PBXContainerItemProxy;
			containerPortal = EDA7611F18AA96060097EF42 /* ZXingObjC.xcodeproj */;
			proxyType = 2;
			remoteGlobalIDString = 2540439E166ABA0A00E13304;
			remoteInfo = "OS X Framework";
		};
		EDA7613818AA962C0097EF42 /* PBXContainerItemProxy */ = {
			isa = PBXContainerItemProxy;
			containerPortal = EDA7611F18AA96060097EF42 /* ZXingObjC.xcodeproj */;
			proxyType = 1;
			remoteGlobalIDString = 25403CB2166A96FA00E13304;
			remoteInfo = "ZXingObjC-iOS";
		};
/* End PBXContainerItemProxy section */

/* Begin PBXFileReference section */
		0616113518A9808400B65DFB /* GSTDateUtility.h */ = {isa = PBXFileReference; fileEncoding = 4; lastKnownFileType = sourcecode.c.h; path = GSTDateUtility.h; sourceTree = "<group>"; };
		0616113618A9808400B65DFB /* GSTDateUtility.m */ = {isa = PBXFileReference; fileEncoding = 4; lastKnownFileType = sourcecode.c.objc; path = GSTDateUtility.m; sourceTree = "<group>"; };
		061E85E418A964BA00E4B9FC /* AVFoundation.framework */ = {isa = PBXFileReference; lastKnownFileType = wrapper.framework; name = AVFoundation.framework; path = System/Library/Frameworks/AVFoundation.framework; sourceTree = SDKROOT; };
		061E85E618A964C300E4B9FC /* CoreVideo.framework */ = {isa = PBXFileReference; lastKnownFileType = wrapper.framework; name = CoreVideo.framework; path = System/Library/Frameworks/CoreVideo.framework; sourceTree = SDKROOT; };
		061E85E818A964CA00E4B9FC /* CoreMedia.framework */ = {isa = PBXFileReference; lastKnownFileType = wrapper.framework; name = CoreMedia.framework; path = System/Library/Frameworks/CoreMedia.framework; sourceTree = SDKROOT; };
		061E85EA18A964D400E4B9FC /* ImageIO.framework */ = {isa = PBXFileReference; lastKnownFileType = wrapper.framework; name = ImageIO.framework; path = System/Library/Frameworks/ImageIO.framework; sourceTree = SDKROOT; };
		061E85EC18A964DB00E4B9FC /* QuartzCore.framework */ = {isa = PBXFileReference; lastKnownFileType = wrapper.framework; name = QuartzCore.framework; path = System/Library/Frameworks/QuartzCore.framework; sourceTree = SDKROOT; };
		061E85EF18A968BF00E4B9FC /* GSTScanViewController.h */ = {isa = PBXFileReference; fileEncoding = 4; lastKnownFileType = sourcecode.c.h; path = GSTScanViewController.h; sourceTree = "<group>"; };
		061E85F018A968BF00E4B9FC /* GSTScanViewController.m */ = {isa = PBXFileReference; fileEncoding = 4; lastKnownFileType = sourcecode.c.objc; path = GSTScanViewController.m; sourceTree = "<group>"; };
		0631171318A7F43A00088A69 /* GSTTypePickerViewController.h */ = {isa = PBXFileReference; fileEncoding = 4; lastKnownFileType = sourcecode.c.h; path = GSTTypePickerViewController.h; sourceTree = "<group>"; };
		0631171418A7F43A00088A69 /* GSTTypePickerViewController.m */ = {isa = PBXFileReference; fileEncoding = 4; lastKnownFileType = sourcecode.c.objc; path = GSTTypePickerViewController.m; sourceTree = "<group>"; };
		0631171618A7F45200088A69 /* GSTTypePickerDelegate.h */ = {isa = PBXFileReference; fileEncoding = 4; lastKnownFileType = sourcecode.c.h; path = GSTTypePickerDelegate.h; sourceTree = "<group>"; };
		0631171818A801C400088A69 /* GSTSegmentControl.h */ = {isa = PBXFileReference; fileEncoding = 4; lastKnownFileType = sourcecode.c.h; path = GSTSegmentControl.h; sourceTree = "<group>"; };
		0631171918A801C400088A69 /* GSTSegmentControl.m */ = {isa = PBXFileReference; fileEncoding = 4; lastKnownFileType = sourcecode.c.objc; path = GSTSegmentControl.m; sourceTree = "<group>"; };
		06B6575318A790C400FE9A87 /* GSTSpecimensResource.h */ = {isa = PBXFileReference; fileEncoding = 4; lastKnownFileType = sourcecode.c.h; path = GSTSpecimensResource.h; sourceTree = "<group>"; };
		06B6575418A790C400FE9A87 /* GSTSpecimensResource.m */ = {isa = PBXFileReference; fileEncoding = 4; lastKnownFileType = sourcecode.c.objc; path = GSTSpecimensResource.m; sourceTree = "<group>"; };
		06FCD4F618A9735A002EF7A8 /* GSTScanDelegate.h */ = {isa = PBXFileReference; lastKnownFileType = sourcecode.c.h; path = GSTScanDelegate.h; sourceTree = "<group>"; };
		ED59DC4B18BA95430083D0B1 /* NSString+Emptiness.h */ = {isa = PBXFileReference; fileEncoding = 4; lastKnownFileType = sourcecode.c.h; path = "NSString+Emptiness.h"; sourceTree = "<group>"; };
		ED59DC4C18BA95430083D0B1 /* NSString+Emptiness.m */ = {isa = PBXFileReference; fileEncoding = 4; lastKnownFileType = sourcecode.c.objc; path = "NSString+Emptiness.m"; sourceTree = "<group>"; };
		ED74D78018A67E2E005E612E /* GSTRESTResource.h */ = {isa = PBXFileReference; fileEncoding = 4; lastKnownFileType = sourcecode.c.h; path = GSTRESTResource.h; sourceTree = "<group>"; };
		ED74D78118A67E2E005E612E /* GSTRESTResource.m */ = {isa = PBXFileReference; fileEncoding = 4; lastKnownFileType = sourcecode.c.objc; path = GSTRESTResource.m; sourceTree = "<group>"; };
		ED74D78218A67E2E005E612E /* GSTRESTResourceDelegate.h */ = {isa = PBXFileReference; fileEncoding = 4; lastKnownFileType = sourcecode.c.h; path = GSTRESTResourceDelegate.h; sourceTree = "<group>"; };
		ED74D79518A68391005E612E /* GSTActivityManager.h */ = {isa = PBXFileReference; fileEncoding = 4; lastKnownFileType = sourcecode.c.h; lineEnding = 0; path = GSTActivityManager.h; sourceTree = "<group>"; xcLanguageSpecificationIdentifier = xcode.lang.objcpp; };
		ED74D79618A68391005E612E /* GSTActivityManager.m */ = {isa = PBXFileReference; fileEncoding = 4; lastKnownFileType = sourcecode.c.objc; lineEnding = 0; path = GSTActivityManager.m; sourceTree = "<group>"; xcLanguageSpecificationIdentifier = xcode.lang.objc; };
		ED74D79E18A68D93005E612E /* GSTSpecimenModel.h */ = {isa = PBXFileReference; fileEncoding = 4; lastKnownFileType = sourcecode.c.h; path = GSTSpecimenModel.h; sourceTree = "<group>"; };
		ED74D79F18A68D93005E612E /* GSTSpecimenModel.m */ = {isa = PBXFileReference; fileEncoding = 4; lastKnownFileType = sourcecode.c.objc; path = GSTSpecimenModel.m; sourceTree = "<group>"; };
		ED74D7A118A6963B005E612E /* GSTSpecimenTypeModel.h */ = {isa = PBXFileReference; fileEncoding = 4; lastKnownFileType = sourcecode.c.h; path = GSTSpecimenTypeModel.h; sourceTree = "<group>"; };
		ED74D7A218A6963B005E612E /* GSTSpecimenTypeModel.m */ = {isa = PBXFileReference; fileEncoding = 4; lastKnownFileType = sourcecode.c.objc; path = GSTSpecimenTypeModel.m; sourceTree = "<group>"; };
		ED8AAA98189E9DAE00697A0F /* sampletracker.app */ = {isa = PBXFileReference; explicitFileType = wrapper.application; includeInIndex = 0; path = sampletracker.app; sourceTree = BUILT_PRODUCTS_DIR; };
		ED8AAA9B189E9DAE00697A0F /* Foundation.framework */ = {isa = PBXFileReference; lastKnownFileType = wrapper.framework; name = Foundation.framework; path = System/Library/Frameworks/Foundation.framework; sourceTree = SDKROOT; };
		ED8AAA9D189E9DAE00697A0F /* CoreGraphics.framework */ = {isa = PBXFileReference; lastKnownFileType = wrapper.framework; name = CoreGraphics.framework; path = System/Library/Frameworks/CoreGraphics.framework; sourceTree = SDKROOT; };
		ED8AAA9F189E9DAE00697A0F /* UIKit.framework */ = {isa = PBXFileReference; lastKnownFileType = wrapper.framework; name = UIKit.framework; path = System/Library/Frameworks/UIKit.framework; sourceTree = SDKROOT; };
		ED8AAAA3189E9DAE00697A0F /* sampletracker-Info.plist */ = {isa = PBXFileReference; lastKnownFileType = text.plist.xml; path = "sampletracker-Info.plist"; sourceTree = "<group>"; };
		ED8AAAA5189E9DAE00697A0F /* en */ = {isa = PBXFileReference; lastKnownFileType = text.plist.strings; name = en; path = en.lproj/InfoPlist.strings; sourceTree = "<group>"; };
		ED8AAAA7189E9DAE00697A0F /* main.m */ = {isa = PBXFileReference; lastKnownFileType = sourcecode.c.objc; path = main.m; sourceTree = "<group>"; };
		ED8AAAA9189E9DAE00697A0F /* sampletracker-Prefix.pch */ = {isa = PBXFileReference; lastKnownFileType = sourcecode.c.h; path = "sampletracker-Prefix.pch"; sourceTree = "<group>"; };
		ED8AAAAA189E9DAE00697A0F /* GSTAppDelegate.h */ = {isa = PBXFileReference; lastKnownFileType = sourcecode.c.h; path = GSTAppDelegate.h; sourceTree = "<group>"; };
		ED8AAAAB189E9DAE00697A0F /* GSTAppDelegate.m */ = {isa = PBXFileReference; lastKnownFileType = sourcecode.c.objc; path = GSTAppDelegate.m; sourceTree = "<group>"; };
		ED8AAAAE189E9DAE00697A0F /* Base */ = {isa = PBXFileReference; lastKnownFileType = file.storyboard; name = Base; path = Base.lproj/Main.storyboard; sourceTree = "<group>"; };
		ED8AAAB0189E9DAE00697A0F /* GSTMainViewController.h */ = {isa = PBXFileReference; lastKnownFileType = sourcecode.c.h; path = GSTMainViewController.h; sourceTree = "<group>"; };
		ED8AAAB1189E9DAE00697A0F /* GSTMainViewController.m */ = {isa = PBXFileReference; lastKnownFileType = sourcecode.c.objc; path = GSTMainViewController.m; sourceTree = "<group>"; };
		ED8AAAB3189E9DAE00697A0F /* Images.xcassets */ = {isa = PBXFileReference; lastKnownFileType = folder.assetcatalog; path = Images.xcassets; sourceTree = "<group>"; };
		ED8AAABA189E9DAE00697A0F /* XCTest.framework */ = {isa = PBXFileReference; lastKnownFileType = wrapper.framework; name = XCTest.framework; path = Library/Frameworks/XCTest.framework; sourceTree = DEVELOPER_DIR; };
		ED8AAAD4189EA81300697A0F /* GSTSettingsViewController.h */ = {isa = PBXFileReference; fileEncoding = 4; lastKnownFileType = sourcecode.c.h; path = GSTSettingsViewController.h; sourceTree = "<group>"; };
		ED8AAAD5189EA81300697A0F /* GSTSettingsViewController.m */ = {isa = PBXFileReference; fileEncoding = 4; lastKnownFileType = sourcecode.c.objc; path = GSTSettingsViewController.m; sourceTree = "<group>"; };
		ED8AAAD7189EAA8D00697A0F /* GSTSpecimenLocationModel.h */ = {isa = PBXFileReference; fileEncoding = 4; lastKnownFileType = sourcecode.c.h; path = GSTSpecimenLocationModel.h; sourceTree = "<group>"; };
		ED8AAAD8189EAA8D00697A0F /* GSTSpecimenLocationModel.m */ = {isa = PBXFileReference; fileEncoding = 4; lastKnownFileType = sourcecode.c.objc; path = GSTSpecimenLocationModel.m; sourceTree = "<group>"; };
		ED8AAADA189EAE4500697A0F /* GSTLocationPickerViewController.h */ = {isa = PBXFileReference; fileEncoding = 4; lastKnownFileType = sourcecode.c.h; path = GSTLocationPickerViewController.h; sourceTree = "<group>"; };
		ED8AAADB189EAE4500697A0F /* GSTLocationPickerViewController.m */ = {isa = PBXFileReference; fileEncoding = 4; lastKnownFileType = sourcecode.c.objc; path = GSTLocationPickerViewController.m; sourceTree = "<group>"; };
		ED8AAADD189EAE9000697A0F /* GSTLocationPickerDelegate.h */ = {isa = PBXFileReference; lastKnownFileType = sourcecode.c.h; path = GSTLocationPickerDelegate.h; sourceTree = "<group>"; };
		ED8AAADE189EB9E100697A0F /* GSTSpecimenViewController.h */ = {isa = PBXFileReference; fileEncoding = 4; lastKnownFileType = sourcecode.c.h; path = GSTSpecimenViewController.h; sourceTree = "<group>"; };
		ED8AAADF189EB9E100697A0F /* GSTSpecimenViewController.m */ = {isa = PBXFileReference; fileEncoding = 4; lastKnownFileType = sourcecode.c.objc; path = GSTSpecimenViewController.m; sourceTree = "<group>"; };
		EDA7611F18AA96060097EF42 /* ZXingObjC.xcodeproj */ = {isa = PBXFileReference; lastKnownFileType = "wrapper.pb-project"; name = ZXingObjC.xcodeproj; path = ZXingObjC/ZXingObjC.xcodeproj; sourceTree = "<group>"; };
		EDBB81C318B10F2B004B0279 /* Crashlytics.framework */ = {isa = PBXFileReference; lastKnownFileType = wrapper.framework; path = Crashlytics.framework; sourceTree = "<group>"; };
/* End PBXFileReference section */

/* Begin PBXFrameworksBuildPhase section */
		ED8AAA95189E9DAE00697A0F /* Frameworks */ = {
			isa = PBXFrameworksBuildPhase;
			buildActionMask = 2147483647;
			files = (
				EDA7613718AA96260097EF42 /* libZXingObjC-iOS.a in Frameworks */,
				061E85ED18A964DB00E4B9FC /* QuartzCore.framework in Frameworks */,
				061E85EB18A964D400E4B9FC /* ImageIO.framework in Frameworks */,
				061E85E918A964CA00E4B9FC /* CoreMedia.framework in Frameworks */,
				061E85E718A964C300E4B9FC /* CoreVideo.framework in Frameworks */,
				ED8AAA9E189E9DAE00697A0F /* CoreGraphics.framework in Frameworks */,
				EDBB81C418B10F2B004B0279 /* Crashlytics.framework in Frameworks */,
				061E85E518A964BA00E4B9FC /* AVFoundation.framework in Frameworks */,
				ED8AAAA0189E9DAE00697A0F /* UIKit.framework in Frameworks */,
				ED8AAA9C189E9DAE00697A0F /* Foundation.framework in Frameworks */,
			);
			runOnlyForDeploymentPostprocessing = 0;
		};
/* End PBXFrameworksBuildPhase section */

/* Begin PBXGroup section */
		0616112E18A97F5800B65DFB /* Utility */ = {
			isa = PBXGroup;
			children = (
				0616113518A9808400B65DFB /* GSTDateUtility.h */,
				0616113618A9808400B65DFB /* GSTDateUtility.m */,
				ED59DC4B18BA95430083D0B1 /* NSString+Emptiness.h */,
				ED59DC4C18BA95430083D0B1 /* NSString+Emptiness.m */,
			);
			name = Utility;
			sourceTree = "<group>";
		};
		061E85C718A9640300E4B9FC /* Libraries */ = {
			isa = PBXGroup;
			children = (
				061E85C818A9648200E4B9FC /* ZXingObjC */,
			);
			name = Libraries;
			sourceTree = "<group>";
		};
		061E85C818A9648200E4B9FC /* ZXingObjC */ = {
			isa = PBXGroup;
			children = (
				EDA7611F18AA96060097EF42 /* ZXingObjC.xcodeproj */,
			);
			name = ZXingObjC;
			sourceTree = "<group>";
		};
		0631171718A7FA1200088A69 /* Pickers */ = {
			isa = PBXGroup;
			children = (
				ED8AAADD189EAE9000697A0F /* GSTLocationPickerDelegate.h */,
				ED8AAADA189EAE4500697A0F /* GSTLocationPickerViewController.h */,
				ED8AAADB189EAE4500697A0F /* GSTLocationPickerViewController.m */,
				0631171618A7F45200088A69 /* GSTTypePickerDelegate.h */,
				0631171318A7F43A00088A69 /* GSTTypePickerViewController.h */,
				0631171418A7F43A00088A69 /* GSTTypePickerViewController.m */,
			);
			name = Pickers;
			sourceTree = "<group>";
		};
		06FCD4F718A976E0002EF7A8 /* Scanner */ = {
			isa = PBXGroup;
			children = (
				06FCD4F618A9735A002EF7A8 /* GSTScanDelegate.h */,
				061E85EF18A968BF00E4B9FC /* GSTScanViewController.h */,
				061E85F018A968BF00E4B9FC /* GSTScanViewController.m */,
			);
			name = Scanner;
			sourceTree = "<group>";
		};
		ED74D77E18A67E0A005E612E /* REST */ = {
			isa = PBXGroup;
			children = (
				ED74D78018A67E2E005E612E /* GSTRESTResource.h */,
				ED74D78118A67E2E005E612E /* GSTRESTResource.m */,
				ED74D78218A67E2E005E612E /* GSTRESTResourceDelegate.h */,
				06B6575318A790C400FE9A87 /* GSTSpecimensResource.h */,
				06B6575418A790C400FE9A87 /* GSTSpecimensResource.m */,
			);
			name = REST;
			sourceTree = "<group>";
		};
		ED74D79418A68384005E612E /* Manager */ = {
			isa = PBXGroup;
			children = (
				ED74D79518A68391005E612E /* GSTActivityManager.h */,
				ED74D79618A68391005E612E /* GSTActivityManager.m */,
			);
			name = Manager;
			sourceTree = "<group>";
		};
		ED8AAA8F189E9DAE00697A0F = {
			isa = PBXGroup;
			children = (
				ED8AAAA1189E9DAE00697A0F /* sampletracker */,
				061E85C718A9640300E4B9FC /* Libraries */,
				ED8AAA9A189E9DAE00697A0F /* Frameworks */,
				ED8AAA99189E9DAE00697A0F /* Products */,
			);
			sourceTree = "<group>";
		};
		ED8AAA99189E9DAE00697A0F /* Products */ = {
			isa = PBXGroup;
			children = (
				ED8AAA98189E9DAE00697A0F /* sampletracker.app */,
			);
			name = Products;
			sourceTree = "<group>";
		};
		ED8AAA9A189E9DAE00697A0F /* Frameworks */ = {
			isa = PBXGroup;
			children = (
				EDBB81C318B10F2B004B0279 /* Crashlytics.framework */,
				061E85EC18A964DB00E4B9FC /* QuartzCore.framework */,
				061E85EA18A964D400E4B9FC /* ImageIO.framework */,
				061E85E818A964CA00E4B9FC /* CoreMedia.framework */,
				061E85E618A964C300E4B9FC /* CoreVideo.framework */,
				061E85E418A964BA00E4B9FC /* AVFoundation.framework */,
				ED8AAA9B189E9DAE00697A0F /* Foundation.framework */,
				ED8AAA9D189E9DAE00697A0F /* CoreGraphics.framework */,
				ED8AAA9F189E9DAE00697A0F /* UIKit.framework */,
				ED8AAABA189E9DAE00697A0F /* XCTest.framework */,
			);
			name = Frameworks;
			sourceTree = "<group>";
		};
		ED8AAAA1189E9DAE00697A0F /* sampletracker */ = {
			isa = PBXGroup;
			children = (
				0616112E18A97F5800B65DFB /* Utility */,
				ED74D79418A68384005E612E /* Manager */,
				ED74D77E18A67E0A005E612E /* REST */,
				ED8AAAD2189E9F2D00697A0F /* View */,
				ED8AAAD1189E9F2800697A0F /* Model */,
				ED8AAAD3189E9F3000697A0F /* Controller */,
				ED8AAAAA189E9DAE00697A0F /* GSTAppDelegate.h */,
				ED8AAAAB189E9DAE00697A0F /* GSTAppDelegate.m */,
				ED8AAAD0189E9F1600697A0F /* Resources */,
				ED8AAAA2189E9DAE00697A0F /* Supporting Files */,
			);
			path = sampletracker;
			sourceTree = "<group>";
		};
		ED8AAAA2189E9DAE00697A0F /* Supporting Files */ = {
			isa = PBXGroup;
			children = (
				ED8AAAA3189E9DAE00697A0F /* sampletracker-Info.plist */,
				ED8AAAA4189E9DAE00697A0F /* InfoPlist.strings */,
				ED8AAAA7189E9DAE00697A0F /* main.m */,
				ED8AAAA9189E9DAE00697A0F /* sampletracker-Prefix.pch */,
			);
			name = "Supporting Files";
			sourceTree = "<group>";
		};
		ED8AAAD0189E9F1600697A0F /* Resources */ = {
			isa = PBXGroup;
			children = (
				ED8AAAAD189E9DAE00697A0F /* Main.storyboard */,
				ED8AAAB3189E9DAE00697A0F /* Images.xcassets */,
			);
			name = Resources;
			sourceTree = "<group>";
		};
		ED8AAAD1189E9F2800697A0F /* Model */ = {
			isa = PBXGroup;
			children = (
				ED74D7A118A6963B005E612E /* GSTSpecimenTypeModel.h */,
				ED74D7A218A6963B005E612E /* GSTSpecimenTypeModel.m */,
				ED8AAAD7189EAA8D00697A0F /* GSTSpecimenLocationModel.h */,
				ED8AAAD8189EAA8D00697A0F /* GSTSpecimenLocationModel.m */,
				ED74D79E18A68D93005E612E /* GSTSpecimenModel.h */,
				ED74D79F18A68D93005E612E /* GSTSpecimenModel.m */,
			);
			name = Model;
			sourceTree = "<group>";
		};
		ED8AAAD2189E9F2D00697A0F /* View */ = {
			isa = PBXGroup;
			children = (
				0631171818A801C400088A69 /* GSTSegmentControl.h */,
				0631171918A801C400088A69 /* GSTSegmentControl.m */,
			);
			name = View;
			sourceTree = "<group>";
		};
		ED8AAAD3189E9F3000697A0F /* Controller */ = {
			isa = PBXGroup;
			children = (
				0631171718A7FA1200088A69 /* Pickers */,
				06FCD4F718A976E0002EF7A8 /* Scanner */,
				ED8AAAB0189E9DAE00697A0F /* GSTMainViewController.h */,
				ED8AAAB1189E9DAE00697A0F /* GSTMainViewController.m */,
				ED8AAAD4189EA81300697A0F /* GSTSettingsViewController.h */,
				ED8AAAD5189EA81300697A0F /* GSTSettingsViewController.m */,
				ED8AAADE189EB9E100697A0F /* GSTSpecimenViewController.h */,
				ED8AAADF189EB9E100697A0F /* GSTSpecimenViewController.m */,
			);
			name = Controller;
			sourceTree = "<group>";
		};
		EDA7612018AA96060097EF42 /* Products */ = {
			isa = PBXGroup;
			children = (
				EDA7612A18AA960C0097EF42 /* libZXingObjC-iOS.a */,
				EDA7612C18AA960C0097EF42 /* Unit Tests iOS.octest */,
				EDA7612E18AA960C0097EF42 /* ZXingObjCTests-iOS copy.octest */,
				EDA7613018AA960C0097EF42 /* libZXingObjC-osx.a */,
				EDA7613218AA960C0097EF42 /* Unit Tests OS X.octest */,
				EDA7613418AA960C0097EF42 /* ZXingObjCTests-osx copy.octest */,
				EDA7613618AA960C0097EF42 /* ZXingObjC.framework */,
			);
			name = Products;
			sourceTree = "<group>";
		};
/* End PBXGroup section */

/* Begin PBXNativeTarget section */
		ED8AAA97189E9DAE00697A0F /* sampletracker */ = {
			isa = PBXNativeTarget;
			buildConfigurationList = ED8AAACA189E9DAE00697A0F /* Build configuration list for PBXNativeTarget "sampletracker" */;
			buildPhases = (
				ED8AAA94189E9DAE00697A0F /* Sources */,
				ED8AAA95189E9DAE00697A0F /* Frameworks */,
				ED8AAA96189E9DAE00697A0F /* Resources */,
				EDBB81BC18B10ED8004B0279 /* Run Crashlytics */,
			);
			buildRules = (
			);
			dependencies = (
				EDA7613918AA962C0097EF42 /* PBXTargetDependency */,
			);
			name = sampletracker;
			productName = sampletracker;
			productReference = ED8AAA98189E9DAE00697A0F /* sampletracker.app */;
			productType = "com.apple.product-type.application";
		};
/* End PBXNativeTarget section */

/* Begin PBXProject section */
		ED8AAA90189E9DAE00697A0F /* Project object */ = {
			isa = PBXProject;
			attributes = {
				CLASSPREFIX = GST;
				LastUpgradeCheck = 0500;
				ORGANIZATIONNAME = Galaxy;
			};
			buildConfigurationList = ED8AAA93189E9DAE00697A0F /* Build configuration list for PBXProject "sampletracker" */;
			compatibilityVersion = "Xcode 3.2";
			developmentRegion = English;
			hasScannedForEncodings = 0;
			knownRegions = (
				en,
				Base,
			);
			mainGroup = ED8AAA8F189E9DAE00697A0F;
			productRefGroup = ED8AAA99189E9DAE00697A0F /* Products */;
			projectDirPath = "";
			projectReferences = (
				{
					ProductGroup = EDA7612018AA96060097EF42 /* Products */;
					ProjectRef = EDA7611F18AA96060097EF42 /* ZXingObjC.xcodeproj */;
				},
			);
			projectRoot = "";
			targets = (
				ED8AAA97189E9DAE00697A0F /* sampletracker */,
			);
		};
/* End PBXProject section */

/* Begin PBXReferenceProxy section */
		EDA7612A18AA960C0097EF42 /* libZXingObjC-iOS.a */ = {
			isa = PBXReferenceProxy;
			fileType = archive.ar;
			path = "libZXingObjC-iOS.a";
			remoteRef = EDA7612918AA960C0097EF42 /* PBXContainerItemProxy */;
			sourceTree = BUILT_PRODUCTS_DIR;
		};
		EDA7612C18AA960C0097EF42 /* Unit Tests iOS.octest */ = {
			isa = PBXReferenceProxy;
			fileType = wrapper.cfbundle;
			path = "Unit Tests iOS.octest";
			remoteRef = EDA7612B18AA960C0097EF42 /* PBXContainerItemProxy */;
			sourceTree = BUILT_PRODUCTS_DIR;
		};
		EDA7612E18AA960C0097EF42 /* ZXingObjCTests-iOS copy.octest */ = {
			isa = PBXReferenceProxy;
			fileType = wrapper.cfbundle;
			path = "ZXingObjCTests-iOS copy.octest";
			remoteRef = EDA7612D18AA960C0097EF42 /* PBXContainerItemProxy */;
			sourceTree = BUILT_PRODUCTS_DIR;
		};
		EDA7613018AA960C0097EF42 /* libZXingObjC-osx.a */ = {
			isa = PBXReferenceProxy;
			fileType = archive.ar;
			path = "libZXingObjC-osx.a";
			remoteRef = EDA7612F18AA960C0097EF42 /* PBXContainerItemProxy */;
			sourceTree = BUILT_PRODUCTS_DIR;
		};
		EDA7613218AA960C0097EF42 /* Unit Tests OS X.octest */ = {
			isa = PBXReferenceProxy;
			fileType = wrapper.cfbundle;
			path = "Unit Tests OS X.octest";
			remoteRef = EDA7613118AA960C0097EF42 /* PBXContainerItemProxy */;
			sourceTree = BUILT_PRODUCTS_DIR;
		};
		EDA7613418AA960C0097EF42 /* ZXingObjCTests-osx copy.octest */ = {
			isa = PBXReferenceProxy;
			fileType = wrapper.cfbundle;
			path = "ZXingObjCTests-osx copy.octest";
			remoteRef = EDA7613318AA960C0097EF42 /* PBXContainerItemProxy */;
			sourceTree = BUILT_PRODUCTS_DIR;
		};
		EDA7613618AA960C0097EF42 /* ZXingObjC.framework */ = {
			isa = PBXReferenceProxy;
			fileType = wrapper.framework;
			path = ZXingObjC.framework;
			remoteRef = EDA7613518AA960C0097EF42 /* PBXContainerItemProxy */;
			sourceTree = BUILT_PRODUCTS_DIR;
		};
/* End PBXReferenceProxy section */

/* Begin PBXResourcesBuildPhase section */
		ED8AAA96189E9DAE00697A0F /* Resources */ = {
			isa = PBXResourcesBuildPhase;
			buildActionMask = 2147483647;
			files = (
				ED8AAAB4189E9DAE00697A0F /* Images.xcassets in Resources */,
				ED8AAAA6189E9DAE00697A0F /* InfoPlist.strings in Resources */,
				ED8AAAAF189E9DAE00697A0F /* Main.storyboard in Resources */,
			);
			runOnlyForDeploymentPostprocessing = 0;
		};
/* End PBXResourcesBuildPhase section */

/* Begin PBXShellScriptBuildPhase section */
		EDBB81BC18B10ED8004B0279 /* Run Crashlytics */ = {
			isa = PBXShellScriptBuildPhase;
			buildActionMask = 12;
			files = (
			);
			inputPaths = (
			);
			name = "Run Crashlytics";
			outputPaths = (
			);
			runOnlyForDeploymentPostprocessing = 0;
			shellPath = /bin/sh;
			shellScript = "testConfig=\"Test-Dist\"\nprodConfig=\"Prod-Dist\"\n\nif [ \"$testConfig\" = \"${CONFIGURATION}\" ] || [ \"$prodConfig\" = \"${CONFIGURATION}\" ]\nthen\n    echo \"Running Crashlytics\"\n    ./Crashlytics.framework/run e1e841444e029d53bae81c515d6a45651ab4ad20 cb06bbb409de8a3c97fdadab79eb423b527c92c84abd47cbbf40748580577278\nfi";
		};
/* End PBXShellScriptBuildPhase section */

/* Begin PBXSourcesBuildPhase section */
		ED8AAA94189E9DAE00697A0F /* Sources */ = {
			isa = PBXSourcesBuildPhase;
			buildActionMask = 2147483647;
			files = (
				ED8AAAD6189EA81300697A0F /* GSTSettingsViewController.m in Sources */,
				061E85F118A968BF00E4B9FC /* GSTScanViewController.m in Sources */,
				ED8AAAB2189E9DAE00697A0F /* GSTMainViewController.m in Sources */,
				06B6575518A790C400FE9A87 /* GSTSpecimensResource.m in Sources */,
				ED8AAAA8189E9DAE00697A0F /* main.m in Sources */,
				ED59DC4D18BA95430083D0B1 /* NSString+Emptiness.m in Sources */,
				ED74D79718A68391005E612E /* GSTActivityManager.m in Sources */,
				ED8AAAAC189E9DAE00697A0F /* GSTAppDelegate.m in Sources */,
				ED8AAADC189EAE4500697A0F /* GSTLocationPickerViewController.m in Sources */,
				0616113718A9808400B65DFB /* GSTDateUtility.m in Sources */,
				ED74D7A018A68D93005E612E /* GSTSpecimenModel.m in Sources */,
				ED74D7A318A6963B005E612E /* GSTSpecimenTypeModel.m in Sources */,
				ED8AAAD9189EAA8D00697A0F /* GSTSpecimenLocationModel.m in Sources */,
				0631171518A7F43A00088A69 /* GSTTypePickerViewController.m in Sources */,
				0631171A18A801C400088A69 /* GSTSegmentControl.m in Sources */,
				ED8AAAE0189EB9E100697A0F /* GSTSpecimenViewController.m in Sources */,
				ED74D78318A67E2E005E612E /* GSTRESTResource.m in Sources */,
			);
			runOnlyForDeploymentPostprocessing = 0;
		};
/* End PBXSourcesBuildPhase section */

/* Begin PBXTargetDependency section */
		EDA7613918AA962C0097EF42 /* PBXTargetDependency */ = {
			isa = PBXTargetDependency;
			name = "ZXingObjC-iOS";
			targetProxy = EDA7613818AA962C0097EF42 /* PBXContainerItemProxy */;
		};
/* End PBXTargetDependency section */

/* Begin PBXVariantGroup section */
		ED8AAAA4189E9DAE00697A0F /* InfoPlist.strings */ = {
			isa = PBXVariantGroup;
			children = (
				ED8AAAA5189E9DAE00697A0F /* en */,
			);
			name = InfoPlist.strings;
			sourceTree = "<group>";
		};
		ED8AAAAD189E9DAE00697A0F /* Main.storyboard */ = {
			isa = PBXVariantGroup;
			children = (
				ED8AAAAE189E9DAE00697A0F /* Base */,
			);
			name = Main.storyboard;
			sourceTree = "<group>";
		};
/* End PBXVariantGroup section */

/* Begin XCBuildConfiguration section */
		ED74D78818A6801D005E612E /* Test-Dev */ = {
			isa = XCBuildConfiguration;
			buildSettings = {
				ALWAYS_SEARCH_USER_PATHS = NO;
				ARCHS = "$(ARCHS_STANDARD_INCLUDING_64_BIT)";
				CLANG_CXX_LANGUAGE_STANDARD = "gnu++0x";
				CLANG_CXX_LIBRARY = "libc++";
				CLANG_ENABLE_MODULES = YES;
				CLANG_ENABLE_OBJC_ARC = YES;
				CLANG_WARN_BOOL_CONVERSION = YES;
				CLANG_WARN_CONSTANT_CONVERSION = YES;
				CLANG_WARN_DIRECT_OBJC_ISA_USAGE = YES_ERROR;
				CLANG_WARN_EMPTY_BODY = YES;
				CLANG_WARN_ENUM_CONVERSION = YES;
				CLANG_WARN_INT_CONVERSION = YES;
				CLANG_WARN_OBJC_ROOT_CLASS = YES_ERROR;
				CLANG_WARN__DUPLICATE_METHOD_MATCH = YES;
				"CODE_SIGN_IDENTITY[sdk=iphoneos*]" = "iPhone Developer";
				COPY_PHASE_STRIP = NO;
				GCC_C_LANGUAGE_STANDARD = gnu99;
				GCC_DYNAMIC_NO_PIC = NO;
				GCC_OPTIMIZATION_LEVEL = 0;
				GCC_PREPROCESSOR_DEFINITIONS = (
					"DEBUG=1",
					"$(inherited)",
				);
				GCC_SYMBOLS_PRIVATE_EXTERN = NO;
				GCC_WARN_64_TO_32_BIT_CONVERSION = YES;
				GCC_WARN_ABOUT_RETURN_TYPE = YES_ERROR;
				GCC_WARN_UNDECLARED_SELECTOR = YES;
				GCC_WARN_UNINITIALIZED_AUTOS = YES;
				GCC_WARN_UNUSED_FUNCTION = YES;
				GCC_WARN_UNUSED_VARIABLE = YES;
				IPHONEOS_DEPLOYMENT_TARGET = 7.0;
				ONLY_ACTIVE_ARCH = YES;
				SDKROOT = iphoneos;
			};
			name = "Test-Dev";
		};
		ED74D78918A6801D005E612E /* Test-Dev */ = {
			isa = XCBuildConfiguration;
			buildSettings = {
				ASSETCATALOG_COMPILER_APPICON_NAME = AppIcon;
				ASSETCATALOG_COMPILER_LAUNCHIMAGE_NAME = LaunchImage;
				CODE_SIGN_IDENTITY = "iPhone Developer";
				FRAMEWORK_SEARCH_PATHS = (
					"$(inherited)",
					/Users/ofabian/Documents/Fabocorp/Galaxy/sampletracker,
				);
				GCC_PRECOMPILE_PREFIX_HEADER = YES;
				GCC_PREFIX_HEADER = "sampletracker/sampletracker-Prefix.pch";
				GCC_PREPROCESSOR_DEFINITIONS = (
					"DEBUG=1",
					ENV_TEST,
				);
				HEADER_SEARCH_PATHS = (
					"$(inherited)",
					"\"$(SRCROOT)/ZXingObjC/ZXingObjC\"/**",
				);
				INFOPLIST_FILE = "sampletracker/sampletracker-Info.plist";
				PRODUCT_NAME = "$(TARGET_NAME)";
				PROVISIONING_PROFILE = "";
				WRAPPER_EXTENSION = app;
			};
			name = "Test-Dev";
		};
		ED74D78B18A68026005E612E /* Prod-Dev */ = {
			isa = XCBuildConfiguration;
			buildSettings = {
				ALWAYS_SEARCH_USER_PATHS = NO;
				ARCHS = "$(ARCHS_STANDARD_INCLUDING_64_BIT)";
				CLANG_CXX_LANGUAGE_STANDARD = "gnu++0x";
				CLANG_CXX_LIBRARY = "libc++";
				CLANG_ENABLE_MODULES = YES;
				CLANG_ENABLE_OBJC_ARC = YES;
				CLANG_WARN_BOOL_CONVERSION = YES;
				CLANG_WARN_CONSTANT_CONVERSION = YES;
				CLANG_WARN_DIRECT_OBJC_ISA_USAGE = YES_ERROR;
				CLANG_WARN_EMPTY_BODY = YES;
				CLANG_WARN_ENUM_CONVERSION = YES;
				CLANG_WARN_INT_CONVERSION = YES;
				CLANG_WARN_OBJC_ROOT_CLASS = YES_ERROR;
				CLANG_WARN__DUPLICATE_METHOD_MATCH = YES;
				"CODE_SIGN_IDENTITY[sdk=iphoneos*]" = "iPhone Developer";
				COPY_PHASE_STRIP = NO;
				GCC_C_LANGUAGE_STANDARD = gnu99;
				GCC_DYNAMIC_NO_PIC = NO;
				GCC_OPTIMIZATION_LEVEL = 0;
				GCC_PREPROCESSOR_DEFINITIONS = (
					"DEBUG=1",
					"$(inherited)",
				);
				GCC_SYMBOLS_PRIVATE_EXTERN = NO;
				GCC_WARN_64_TO_32_BIT_CONVERSION = YES;
				GCC_WARN_ABOUT_RETURN_TYPE = YES_ERROR;
				GCC_WARN_UNDECLARED_SELECTOR = YES;
				GCC_WARN_UNINITIALIZED_AUTOS = YES;
				GCC_WARN_UNUSED_FUNCTION = YES;
				GCC_WARN_UNUSED_VARIABLE = YES;
				IPHONEOS_DEPLOYMENT_TARGET = 7.0;
				ONLY_ACTIVE_ARCH = YES;
				SDKROOT = iphoneos;
			};
			name = "Prod-Dev";
		};
		ED74D78C18A68026005E612E /* Prod-Dev */ = {
			isa = XCBuildConfiguration;
			buildSettings = {
				ASSETCATALOG_COMPILER_APPICON_NAME = AppIcon;
				ASSETCATALOG_COMPILER_LAUNCHIMAGE_NAME = LaunchImage;
				CODE_SIGN_IDENTITY = "iPhone Developer";
				FRAMEWORK_SEARCH_PATHS = (
					"$(inherited)",
					/Users/ofabian/Documents/Fabocorp/Galaxy/sampletracker,
				);
				GCC_PRECOMPILE_PREFIX_HEADER = YES;
				GCC_PREFIX_HEADER = "sampletracker/sampletracker-Prefix.pch";
				GCC_PREPROCESSOR_DEFINITIONS = (
					"DEBUG=1",
					ENV_PROD,
				);
				HEADER_SEARCH_PATHS = (
					"$(inherited)",
					"\"$(SRCROOT)/ZXingObjC/ZXingObjC\"/**",
				);
				INFOPLIST_FILE = "sampletracker/sampletracker-Info.plist";
				PRODUCT_NAME = "$(TARGET_NAME)";
				PROVISIONING_PROFILE = "";
				WRAPPER_EXTENSION = app;
			};
			name = "Prod-Dev";
		};
		ED74D78E18A68032005E612E /* Test-Dist */ = {
			isa = XCBuildConfiguration;
			buildSettings = {
				ALWAYS_SEARCH_USER_PATHS = NO;
				ARCHS = "$(ARCHS_STANDARD_INCLUDING_64_BIT)";
				CLANG_CXX_LANGUAGE_STANDARD = "gnu++0x";
				CLANG_CXX_LIBRARY = "libc++";
				CLANG_ENABLE_MODULES = YES;
				CLANG_ENABLE_OBJC_ARC = YES;
				CLANG_WARN_BOOL_CONVERSION = YES;
				CLANG_WARN_CONSTANT_CONVERSION = YES;
				CLANG_WARN_DIRECT_OBJC_ISA_USAGE = YES_ERROR;
				CLANG_WARN_EMPTY_BODY = YES;
				CLANG_WARN_ENUM_CONVERSION = YES;
				CLANG_WARN_INT_CONVERSION = YES;
				CLANG_WARN_OBJC_ROOT_CLASS = YES_ERROR;
				CLANG_WARN__DUPLICATE_METHOD_MATCH = YES;
				"CODE_SIGN_IDENTITY[sdk=iphoneos*]" = "iPhone Developer";
				COPY_PHASE_STRIP = YES;
				ENABLE_NS_ASSERTIONS = NO;
				GCC_C_LANGUAGE_STANDARD = gnu99;
				GCC_WARN_64_TO_32_BIT_CONVERSION = YES;
				GCC_WARN_ABOUT_RETURN_TYPE = YES_ERROR;
				GCC_WARN_UNDECLARED_SELECTOR = YES;
				GCC_WARN_UNINITIALIZED_AUTOS = YES;
				GCC_WARN_UNUSED_FUNCTION = YES;
				GCC_WARN_UNUSED_VARIABLE = YES;
				IPHONEOS_DEPLOYMENT_TARGET = 7.0;
				SDKROOT = iphoneos;
				VALIDATE_PRODUCT = YES;
			};
			name = "Test-Dist";
		};
		ED74D78F18A68032005E612E /* Test-Dist */ = {
			isa = XCBuildConfiguration;
			buildSettings = {
				ASSETCATALOG_COMPILER_APPICON_NAME = AppIcon;
				ASSETCATALOG_COMPILER_LAUNCHIMAGE_NAME = LaunchImage;
				CODE_SIGN_IDENTITY = "iPhone Distribution";
				FRAMEWORK_SEARCH_PATHS = (
					"$(inherited)",
					/Users/ofabian/Documents/Fabocorp/Galaxy/sampletracker,
				);
				GCC_PRECOMPILE_PREFIX_HEADER = YES;
				GCC_PREFIX_HEADER = "sampletracker/sampletracker-Prefix.pch";
				GCC_PREPROCESSOR_DEFINITIONS = ENV_TEST;
				HEADER_SEARCH_PATHS = (
					"$(inherited)",
					"\"$(SRCROOT)/ZXingObjC/ZXingObjC\"/**",
				);
				INFOPLIST_FILE = "sampletracker/sampletracker-Info.plist";
				PRODUCT_NAME = "$(TARGET_NAME)";
				PROVISIONING_PROFILE = "";
				WRAPPER_EXTENSION = app;
			};
			name = "Test-Dist";
		};
		ED74D79118A68039005E612E /* Prod-Dist */ = {
			isa = XCBuildConfiguration;
			buildSettings = {
				ALWAYS_SEARCH_USER_PATHS = NO;
				ARCHS = "$(ARCHS_STANDARD_INCLUDING_64_BIT)";
				CLANG_CXX_LANGUAGE_STANDARD = "gnu++0x";
				CLANG_CXX_LIBRARY = "libc++";
				CLANG_ENABLE_MODULES = YES;
				CLANG_ENABLE_OBJC_ARC = YES;
				CLANG_WARN_BOOL_CONVERSION = YES;
				CLANG_WARN_CONSTANT_CONVERSION = YES;
				CLANG_WARN_DIRECT_OBJC_ISA_USAGE = YES_ERROR;
				CLANG_WARN_EMPTY_BODY = YES;
				CLANG_WARN_ENUM_CONVERSION = YES;
				CLANG_WARN_INT_CONVERSION = YES;
				CLANG_WARN_OBJC_ROOT_CLASS = YES_ERROR;
				CLANG_WARN__DUPLICATE_METHOD_MATCH = YES;
				"CODE_SIGN_IDENTITY[sdk=iphoneos*]" = "iPhone Developer";
				COPY_PHASE_STRIP = YES;
				ENABLE_NS_ASSERTIONS = NO;
				GCC_C_LANGUAGE_STANDARD = gnu99;
				GCC_WARN_64_TO_32_BIT_CONVERSION = YES;
				GCC_WARN_ABOUT_RETURN_TYPE = YES_ERROR;
				GCC_WARN_UNDECLARED_SELECTOR = YES;
				GCC_WARN_UNINITIALIZED_AUTOS = YES;
				GCC_WARN_UNUSED_FUNCTION = YES;
				GCC_WARN_UNUSED_VARIABLE = YES;
				IPHONEOS_DEPLOYMENT_TARGET = 7.0;
				SDKROOT = iphoneos;
				VALIDATE_PRODUCT = YES;
			};
			name = "Prod-Dist";
		};
		ED74D79218A68039005E612E /* Prod-Dist */ = {
			isa = XCBuildConfiguration;
			buildSettings = {
				ASSETCATALOG_COMPILER_APPICON_NAME = AppIcon;
				ASSETCATALOG_COMPILER_LAUNCHIMAGE_NAME = LaunchImage;
				CODE_SIGN_IDENTITY = "iPhone Distribution";
				FRAMEWORK_SEARCH_PATHS = (
					"$(inherited)",
					/Users/ofabian/Documents/Fabocorp/Galaxy/sampletracker,
				);
				GCC_PRECOMPILE_PREFIX_HEADER = YES;
				GCC_PREFIX_HEADER = "sampletracker/sampletracker-Prefix.pch";
				GCC_PREPROCESSOR_DEFINITIONS = ENV_PROD;
				HEADER_SEARCH_PATHS = (
					"$(inherited)",
					"\"$(SRCROOT)/ZXingObjC/ZXingObjC\"/**",
				);
				INFOPLIST_FILE = "sampletracker/sampletracker-Info.plist";
				PRODUCT_NAME = "$(TARGET_NAME)";
				PROVISIONING_PROFILE = "";
				WRAPPER_EXTENSION = app;
			};
			name = "Prod-Dist";
		};
		ED8AAAC8189E9DAE00697A0F /* Mock-Dev */ = {
			isa = XCBuildConfiguration;
			buildSettings = {
				ALWAYS_SEARCH_USER_PATHS = NO;
				ARCHS = "$(ARCHS_STANDARD_INCLUDING_64_BIT)";
				CLANG_CXX_LANGUAGE_STANDARD = "gnu++0x";
				CLANG_CXX_LIBRARY = "libc++";
				CLANG_ENABLE_MODULES = YES;
				CLANG_ENABLE_OBJC_ARC = YES;
				CLANG_WARN_BOOL_CONVERSION = YES;
				CLANG_WARN_CONSTANT_CONVERSION = YES;
				CLANG_WARN_DIRECT_OBJC_ISA_USAGE = YES_ERROR;
				CLANG_WARN_EMPTY_BODY = YES;
				CLANG_WARN_ENUM_CONVERSION = YES;
				CLANG_WARN_INT_CONVERSION = YES;
				CLANG_WARN_OBJC_ROOT_CLASS = YES_ERROR;
				CLANG_WARN__DUPLICATE_METHOD_MATCH = YES;
				"CODE_SIGN_IDENTITY[sdk=iphoneos*]" = "iPhone Developer";
				COPY_PHASE_STRIP = NO;
				GCC_C_LANGUAGE_STANDARD = gnu99;
				GCC_DYNAMIC_NO_PIC = NO;
				GCC_OPTIMIZATION_LEVEL = 0;
				GCC_PREPROCESSOR_DEFINITIONS = (
					"DEBUG=1",
					"$(inherited)",
				);
				GCC_SYMBOLS_PRIVATE_EXTERN = NO;
				GCC_WARN_64_TO_32_BIT_CONVERSION = YES;
				GCC_WARN_ABOUT_RETURN_TYPE = YES_ERROR;
				GCC_WARN_UNDECLARED_SELECTOR = YES;
				GCC_WARN_UNINITIALIZED_AUTOS = YES;
				GCC_WARN_UNUSED_FUNCTION = YES;
				GCC_WARN_UNUSED_VARIABLE = YES;
				IPHONEOS_DEPLOYMENT_TARGET = 7.0;
				ONLY_ACTIVE_ARCH = YES;
				SDKROOT = iphoneos;
			};
			name = "Mock-Dev";
		};
		ED8AAAC9189E9DAE00697A0F /* Mock-Dist */ = {
			isa = XCBuildConfiguration;
			buildSettings = {
				ALWAYS_SEARCH_USER_PATHS = NO;
				ARCHS = "$(ARCHS_STANDARD_INCLUDING_64_BIT)";
				CLANG_CXX_LANGUAGE_STANDARD = "gnu++0x";
				CLANG_CXX_LIBRARY = "libc++";
				CLANG_ENABLE_MODULES = YES;
				CLANG_ENABLE_OBJC_ARC = YES;
				CLANG_WARN_BOOL_CONVERSION = YES;
				CLANG_WARN_CONSTANT_CONVERSION = YES;
				CLANG_WARN_DIRECT_OBJC_ISA_USAGE = YES_ERROR;
				CLANG_WARN_EMPTY_BODY = YES;
				CLANG_WARN_ENUM_CONVERSION = YES;
				CLANG_WARN_INT_CONVERSION = YES;
				CLANG_WARN_OBJC_ROOT_CLASS = YES_ERROR;
				CLANG_WARN__DUPLICATE_METHOD_MATCH = YES;
				"CODE_SIGN_IDENTITY[sdk=iphoneos*]" = "iPhone Developer";
				COPY_PHASE_STRIP = YES;
				ENABLE_NS_ASSERTIONS = NO;
				GCC_C_LANGUAGE_STANDARD = gnu99;
				GCC_WARN_64_TO_32_BIT_CONVERSION = YES;
				GCC_WARN_ABOUT_RETURN_TYPE = YES_ERROR;
				GCC_WARN_UNDECLARED_SELECTOR = YES;
				GCC_WARN_UNINITIALIZED_AUTOS = YES;
				GCC_WARN_UNUSED_FUNCTION = YES;
				GCC_WARN_UNUSED_VARIABLE = YES;
				IPHONEOS_DEPLOYMENT_TARGET = 7.0;
				SDKROOT = iphoneos;
				VALIDATE_PRODUCT = YES;
			};
			name = "Mock-Dist";
		};
		ED8AAACB189E9DAE00697A0F /* Mock-Dev */ = {
			isa = XCBuildConfiguration;
			buildSettings = {
				ASSETCATALOG_COMPILER_APPICON_NAME = AppIcon;
				ASSETCATALOG_COMPILER_LAUNCHIMAGE_NAME = LaunchImage;
				CODE_SIGN_IDENTITY = "iPhone Developer";
				FRAMEWORK_SEARCH_PATHS = (
					"$(inherited)",
					/Users/ofabian/Documents/Fabocorp/Galaxy/sampletracker,
				);
				GCC_PRECOMPILE_PREFIX_HEADER = YES;
				GCC_PREFIX_HEADER = "sampletracker/sampletracker-Prefix.pch";
				GCC_PREPROCESSOR_DEFINITIONS = (
					"DEBUG=1",
					ENV_MOCK,
				);
				HEADER_SEARCH_PATHS = (
					"$(inherited)",
					"\"$(SRCROOT)/ZXingObjC/ZXingObjC\"/**",
				);
				INFOPLIST_FILE = "sampletracker/sampletracker-Info.plist";
				PRODUCT_NAME = "$(TARGET_NAME)";
				PROVISIONING_PROFILE = "";
				WRAPPER_EXTENSION = app;
			};
			name = "Mock-Dev";
		};
		ED8AAACC189E9DAE00697A0F /* Mock-Dist */ = {
			isa = XCBuildConfiguration;
			buildSettings = {
				ASSETCATALOG_COMPILER_APPICON_NAME = AppIcon;
				ASSETCATALOG_COMPILER_LAUNCHIMAGE_NAME = LaunchImage;
				CODE_SIGN_IDENTITY = "iPhone Distribution";
				FRAMEWORK_SEARCH_PATHS = (
					"$(inherited)",
					/Users/ofabian/Documents/Fabocorp/Galaxy/sampletracker,
				);
				GCC_PRECOMPILE_PREFIX_HEADER = YES;
				GCC_PREFIX_HEADER = "sampletracker/sampletracker-Prefix.pch";
				GCC_PREPROCESSOR_DEFINITIONS = ENV_MOCK;
				HEADER_SEARCH_PATHS = (
					"$(inherited)",
					"\"$(SRCROOT)/ZXingObjC/ZXingObjC\"/**",
				);
				INFOPLIST_FILE = "sampletracker/sampletracker-Info.plist";
				PRODUCT_NAME = "$(TARGET_NAME)";
				PROVISIONING_PROFILE = "";
				WRAPPER_EXTENSION = app;
			};
			name = "Mock-Dist";
		};
/* End XCBuildConfiguration section */

/* Begin XCConfigurationList section */
		ED8AAA93189E9DAE00697A0F /* Build configuration list for PBXProject "sampletracker" */ = {
			isa = XCConfigurationList;
			buildConfigurations = (
				ED8AAAC8189E9DAE00697A0F /* Mock-Dev */,
				ED74D78818A6801D005E612E /* Test-Dev */,
				ED74D78B18A68026005E612E /* Prod-Dev */,
				ED8AAAC9189E9DAE00697A0F /* Mock-Dist */,
				ED74D78E18A68032005E612E /* Test-Dist */,
				ED74D79118A68039005E612E /* Prod-Dist */,
			);
			defaultConfigurationIsVisible = 0;
			defaultConfigurationName = "Mock-Dist";
		};
		ED8AAACA189E9DAE00697A0F /* Build configuration list for PBXNativeTarget "sampletracker" */ = {
			isa = XCConfigurationList;
			buildConfigurations = (
				ED8AAACB189E9DAE00697A0F /* Mock-Dev */,
				ED74D78918A6801D005E612E /* Test-Dev */,
				ED74D78C18A68026005E612E /* Prod-Dev */,
				ED8AAACC189E9DAE00697A0F /* Mock-Dist */,
				ED74D78F18A68032005E612E /* Test-Dist */,
				ED74D79218A68039005E612E /* Prod-Dist */,
			);
			defaultConfigurationIsVisible = 0;
			defaultConfigurationName = "Mock-Dist";
		};
/* End XCConfigurationList section */
	};
	rootObject = ED8AAA90189E9DAE00697A0F /* Project object */;
}
